dependencies:
- name: k8vent
  repository: https://atomist.github.io/helm-charts
  version: 0.3.0
- name: k8-automation
  repository: https://atomist.github.io/helm-charts
  version: 0.3.0
digest: sha256:2d6e7eecca153975f199fcc396f762fd36dea865dd78394f85ea07b076f97361
generated: 2018-06-15T12:27:37.787526426-07:00
